
Microsoft Visual Studio Solution File, Format Version 12.00
# Visual Studio 14
VisualStudioVersion = 14.0.25420.1
MinimumVisualStudioVersion = 10.0.40219.1
Project("{FAE04EC0-301F-11D3-BF4B-00C04F79EFBC}") = "PacketData", "PacketData\PacketData.csproj", "{D19AD6B0-73CF-47ED-815F-2E54EA5BEE19}"
EndProject
Project("{FAE04EC0-301F-11D3-BF4B-00C04F79EFBC}") = "RocketServer", "RocketServer\RocketServer.csproj", "{65C83D6D-EED9-44C5-A5A4-4EB7EC4FC077}"
EndProject
Project("{FAE04EC0-301F-11D3-BF4B-00C04F79EFBC}") = "RocketClient", "RocketClient\RocketClient.csproj", "{C728B9CE-868A-437A-A74F-B863ACC3C84F}"
EndProject
Global
	GlobalSection(SolutionConfigurationPlatforms) = preSolution
		Debug|Any CPU = Debug|Any CPU
		Release|Any CPU = Release|Any CPU
	EndGlobalSection
	GlobalSection(ProjectConfigurationPlatforms) = postSolution
		{D19AD6B0-73CF-47ED-815F-2E54EA5BEE19}.Debug|Any CPU.ActiveCfg = Debug|Any CPU
		{D19AD6B0-73CF-47ED-815F-2E54EA5BEE19}.Debug|Any CPU.Build.0 = Debug|Any CPU
		{D19AD6B0-73CF-47ED-815F-2E54EA5BEE19}.Release|Any CPU.ActiveCfg = Release|Any CPU
		{D19AD6B0-73CF-47ED-815F-2E54EA5BEE19}.Release|Any CPU.Build.0 = Release|Any CPU
		{65C83D6D-EED9-44C5-A5A4-4EB7EC4FC077}.Debug|Any CPU.ActiveCfg = Debug|Any CPU
		{65C83D6D-EED9-44C5-A5A4-4EB7EC4FC077}.Debug|Any CPU.Build.0 = Debug|Any CPU
		{65C83D6D-EED9-44C5-A5A4-4EB7EC4FC077}.Release|Any CPU.ActiveCfg = Release|Any CPU
		{65C83D6D-EED9-44C5-A5A4-4EB7EC4FC077}.Release|Any CPU.Build.0 = Release|Any CPU
		{C728B9CE-868A-437A-A74F-B863ACC3C84F}.Debug|Any CPU.ActiveCfg = Debug|Any CPU
		{C728B9CE-868A-437A-A74F-B863ACC3C84F}.Debug|Any CPU.Build.0 = Debug|Any CPU
		{C728B9CE-868A-437A-A74F-B863ACC3C84F}.Release|Any CPU.ActiveCfg = Release|Any CPU
		{C728B9CE-868A-437A-A74F-B863ACC3C84F}.Release|Any CPU.Build.0 = Release|Any CPU
	EndGlobalSection
	GlobalSection(SolutionProperties) = preSolution
		HideSolutionNode = FALSE
	EndGlobalSection
EndGlobal
